// !$*UTF8*$!
{
	archiveVersion = 1;
	classes = {
	};
	objectVersion = 51;
	objects = {

/* Begin PBXBuildFile section */
		A3FBF7B74C6C09EBBB0A1EDC /* Pods_ANQESSAR.framework in Frameworks */ = {isa = PBXBuildFile; fileRef = B38F9041CD38F8F21D2C725E /* Pods_ANQESSAR.framework */; };
		F4DE0F8E26FE608B00AF6246 /* AppDelegate.swift in Sources */ = {isa = PBXBuildFile; fileRef = F4DE0F8D26FE608B00AF6246 /* AppDelegate.swift */; };
		F4DE0F9026FE608B00AF6246 /* SceneDelegate.swift in Sources */ = {isa = PBXBuildFile; fileRef = F4DE0F8F26FE608B00AF6246 /* SceneDelegate.swift */; };
		F4DE0F9526FE608B00AF6246 /* Main.storyboard in Resources */ = {isa = PBXBuildFile; fileRef = F4DE0F9326FE608B00AF6246 /* Main.storyboard */; };
		F4DE0F9826FE608C00AF6246 /* ANQESSAR.xcdatamodeld in Sources */ = {isa = PBXBuildFile; fileRef = F4DE0F9626FE608C00AF6246 /* ANQESSAR.xcdatamodeld */; };
		F4DE0F9A26FE60AC00AF6246 /* Assets.xcassets in Resources */ = {isa = PBXBuildFile; fileRef = F4DE0F9926FE60AC00AF6246 /* Assets.xcassets */; };
		F4DE0F9D26FE60AC00AF6246 /* LaunchScreen.storyboard in Resources */ = {isa = PBXBuildFile; fileRef = F4DE0F9B26FE60AC00AF6246 /* LaunchScreen.storyboard */; };
		F4DE0FA926FE634200AF6246 /* WelcomeViewController.swift in Sources */ = {isa = PBXBuildFile; fileRef = F4DE0FA826FE634200AF6246 /* WelcomeViewController.swift */; };
		F4DE0FAD26FE635000AF6246 /* RegisterViewController.swift in Sources */ = {isa = PBXBuildFile; fileRef = F4DE0FAC26FE635000AF6246 /* RegisterViewController.swift */; };
		F4DE0FB026FE636200AF6246 /* LoginViewController.swift in Sources */ = {isa = PBXBuildFile; fileRef = F4DE0FAF26FE636200AF6246 /* LoginViewController.swift */; };
		F4DE0FB326FE637200AF6246 /* ChatViewController.swift in Sources */ = {isa = PBXBuildFile; fileRef = F4DE0FB226FE637200AF6246 /* ChatViewController.swift */; };
		F4DE0FBD26FE75C500AF6246 /* GoogleService-Info.plist in Resources */ = {isa = PBXBuildFile; fileRef = F4DE0FBC26FE75C400AF6246 /* GoogleService-Info.plist */; };
		F4DE0FD326FEC24500AF6246 /* Constants.swift in Sources */ = {isa = PBXBuildFile; fileRef = F4DE0FD226FEC24500AF6246 /* Constants.swift */; };
		F4DE0FD626FEC42900AF6246 /* Message.swift in Sources */ = {isa = PBXBuildFile; fileRef = F4DE0FD526FEC42900AF6246 /* Message.swift */; };
		F4DE0FDA26FEC93500AF6246 /* MessageCell.swift in Sources */ = {isa = PBXBuildFile; fileRef = F4DE0FD826FEC93500AF6246 /* MessageCell.swift */; };
		F4DE0FDB26FEC93500AF6246 /* MessageCell.xib in Resources */ = {isa = PBXBuildFile; fileRef = F4DE0FD926FEC93500AF6246 /* MessageCell.xib */; };
/* End PBXBuildFile section */

/* Begin PBXFileReference section */
		0F3479144E6EE0CC0D67FD22 /* Pods-ANQESSAR.debug.xcconfig */ = {isa = PBXFileReference; includeInIndex = 1; lastKnownFileType = text.xcconfig; name = "Pods-ANQESSAR.debug.xcconfig"; path = "Target Support Files/Pods-ANQESSAR/Pods-ANQESSAR.debug.xcconfig"; sourceTree = "<group>"; };
		B38F9041CD38F8F21D2C725E /* Pods_ANQESSAR.framework */ = {isa = PBXFileReference; explicitFileType = wrapper.framework; includeInIndex = 0; path = Pods_ANQESSAR.framework; sourceTree = BUILT_PRODUCTS_DIR; };
		DFC81CED61ABF603EBD5950C /* Pods-ANQESSAR.release.xcconfig */ = {isa = PBXFileReference; includeInIndex = 1; lastKnownFileType = text.xcconfig; name = "Pods-ANQESSAR.release.xcconfig"; path = "Target Support Files/Pods-ANQESSAR/Pods-ANQESSAR.release.xcconfig"; sourceTree = "<group>"; };
		F4DE0F8A26FE608B00AF6246 /* ANQESSAR.app */ = {isa = PBXFileReference; explicitFileType = wrapper.application; includeInIndex = 0; path = ANQESSAR.app; sourceTree = BUILT_PRODUCTS_DIR; };
		F4DE0F8D26FE608B00AF6246 /* AppDelegate.swift */ = {isa = PBXFileReference; lastKnownFileType = sourcecode.swift; path = AppDelegate.swift; sourceTree = "<group>"; };
		F4DE0F8F26FE608B00AF6246 /* SceneDelegate.swift */ = {isa = PBXFileReference; lastKnownFileType = sourcecode.swift; path = SceneDelegate.swift; sourceTree = "<group>"; };
		F4DE0F9426FE608B00AF6246 /* Base */ = {isa = PBXFileReference; lastKnownFileType = file.storyboard; name = Base; path = Base.lproj/Main.storyboard; sourceTree = "<group>"; };
		F4DE0F9726FE608C00AF6246 /* ANQESSAR.xcdatamodel */ = {isa = PBXFileReference; lastKnownFileType = wrapper.xcdatamodel; path = ANQESSAR.xcdatamodel; sourceTree = "<group>"; };
		F4DE0F9926FE60AC00AF6246 /* Assets.xcassets */ = {isa = PBXFileReference; lastKnownFileType = folder.assetcatalog; path = Assets.xcassets; sourceTree = "<group>"; };
		F4DE0F9C26FE60AC00AF6246 /* Base */ = {isa = PBXFileReference; lastKnownFileType = file.storyboard; name = Base; path = Base.lproj/LaunchScreen.storyboard; sourceTree = "<group>"; };
		F4DE0F9E26FE60AC00AF6246 /* Info.plist */ = {isa = PBXFileReference; lastKnownFileType = text.plist.xml; path = Info.plist; sourceTree = "<group>"; };
		F4DE0FA826FE634200AF6246 /* WelcomeViewController.swift */ = {isa = PBXFileReference; lastKnownFileType = sourcecode.swift; path = WelcomeViewController.swift; sourceTree = "<group>"; };
		F4DE0FAC26FE635000AF6246 /* RegisterViewController.swift */ = {isa = PBXFileReference; lastKnownFileType = sourcecode.swift; path = RegisterViewController.swift; sourceTree = "<group>"; };
		F4DE0FAF26FE636200AF6246 /* LoginViewController.swift */ = {isa = PBXFileReference; lastKnownFileType = sourcecode.swift; path = LoginViewController.swift; sourceTree = "<group>"; };
		F4DE0FB226FE637200AF6246 /* ChatViewController.swift */ = {isa = PBXFileReference; lastKnownFileType = sourcecode.swift; path = ChatViewController.swift; sourceTree = "<group>"; };
		F4DE0FBC26FE75C400AF6246 /* GoogleService-Info.plist */ = {isa = PBXFileReference; fileEncoding = 4; lastKnownFileType = text.plist.xml; path = "GoogleService-Info.plist"; sourceTree = "<group>"; };
		F4DE0FD226FEC24500AF6246 /* Constants.swift */ = {isa = PBXFileReference; lastKnownFileType = sourcecode.swift; path = Constants.swift; sourceTree = "<group>"; };
		F4DE0FD526FEC42900AF6246 /* Message.swift */ = {isa = PBXFileReference; lastKnownFileType = sourcecode.swift; path = Message.swift; sourceTree = "<group>"; };
		F4DE0FD826FEC93500AF6246 /* MessageCell.swift */ = {isa = PBXFileReference; lastKnownFileType = sourcecode.swift; path = MessageCell.swift; sourceTree = "<group>"; };
		F4DE0FD926FEC93500AF6246 /* MessageCell.xib */ = {isa = PBXFileReference; lastKnownFileType = file.xib; path = MessageCell.xib; sourceTree = "<group>"; };
/* End PBXFileReference section */

/* Begin PBXFrameworksBuildPhase section */
		F4DE0F8726FE608B00AF6246 /* Frameworks */ = {
			isa = PBXFrameworksBuildPhase;
			buildActionMask = 2147483647;
			files = (
				A3FBF7B74C6C09EBBB0A1EDC /* Pods_ANQESSAR.framework in Frameworks */,
			);
			runOnlyForDeploymentPostprocessing = 0;
		};
/* End PBXFrameworksBuildPhase section */

/* Begin PBXGroup section */
		4F23FD98A3A448BD2E5A1423 /* Frameworks */ = {
			isa = PBXGroup;
			children = (
				B38F9041CD38F8F21D2C725E /* Pods_ANQESSAR.framework */,
			);
			name = Frameworks;
			sourceTree = "<group>";
		};
		A866FB5127F8DBF7ED5BD448 /* Pods */ = {
			isa = PBXGroup;
			children = (
				0F3479144E6EE0CC0D67FD22 /* Pods-ANQESSAR.debug.xcconfig */,
				DFC81CED61ABF603EBD5950C /* Pods-ANQESSAR.release.xcconfig */,
			);
			path = Pods;
			sourceTree = "<group>";
		};
		F4DE0F8126FE608A00AF6246 = {
			isa = PBXGroup;
			children = (
				F4DE0F8C26FE608B00AF6246 /* ANQESSAR */,
				F4DE0F8B26FE608B00AF6246 /* Products */,
				A866FB5127F8DBF7ED5BD448 /* Pods */,
				4F23FD98A3A448BD2E5A1423 /* Frameworks */,
			);
			sourceTree = "<group>";
		};
		F4DE0F8B26FE608B00AF6246 /* Products */ = {
			isa = PBXGroup;
			children = (
				F4DE0F8A26FE608B00AF6246 /* ANQESSAR.app */,
			);
			name = Products;
			sourceTree = "<group>";
		};
		F4DE0F8C26FE608B00AF6246 /* ANQESSAR */ = {
			isa = PBXGroup;
			children = (
				F4DE0FA726FE632100AF6246 /* Controllers */,
				F4DE0FA626FE631800AF6246 /* Views */,
				F4DE0FA526FE630F00AF6246 /* Models */,
				F4DE0F8D26FE608B00AF6246 /* AppDelegate.swift */,
				F4DE0F8F26FE608B00AF6246 /* SceneDelegate.swift */,
				F4DE0F9926FE60AC00AF6246 /* Assets.xcassets */,
				F4DE0F9B26FE60AC00AF6246 /* LaunchScreen.storyboard */,
				F4DE0F9E26FE60AC00AF6246 /* Info.plist */,
				F4DE0FBC26FE75C400AF6246 /* GoogleService-Info.plist */,
				F4DE0F9626FE608C00AF6246 /* ANQESSAR.xcdatamodeld */,
				F4DE0FD226FEC24500AF6246 /* Constants.swift */,
			);
			path = ANQESSAR;
			sourceTree = "<group>";
		};
		F4DE0FA526FE630F00AF6246 /* Models */ = {
			isa = PBXGroup;
			children = (
				F4DE0FD526FEC42900AF6246 /* Message.swift */,
			);
			path = Models;
			sourceTree = "<group>";
		};
		F4DE0FA626FE631800AF6246 /* Views */ = {
			isa = PBXGroup;
			children = (
				F4DE0F9326FE608B00AF6246 /* Main.storyboard */,
				F4DE0FD826FEC93500AF6246 /* MessageCell.swift */,
				F4DE0FD926FEC93500AF6246 /* MessageCell.xib */,
			);
			path = Views;
			sourceTree = "<group>";
		};
		F4DE0FA726FE632100AF6246 /* Controllers */ = {
			isa = PBXGroup;
			children = (
				F4DE0FA826FE634200AF6246 /* WelcomeViewController.swift */,
				F4DE0FAC26FE635000AF6246 /* RegisterViewController.swift */,
				F4DE0FAF26FE636200AF6246 /* LoginViewController.swift */,
				F4DE0FB226FE637200AF6246 /* ChatViewController.swift */,
			);
			path = Controllers;
			sourceTree = "<group>";
		};
/* End PBXGroup section */

/* Begin PBXNativeTarget section */
		F4DE0F8926FE608B00AF6246 /* ANQESSAR */ = {
			isa = PBXNativeTarget;
			buildConfigurationList = F4DE0FA126FE60AC00AF6246 /* Build configuration list for PBXNativeTarget "ANQESSAR" */;
			buildPhases = (
				5E008E61ECF1E62CBC564489 /* [CP] Check Pods Manifest.lock */,
				F4DE0F8626FE608B00AF6246 /* Sources */,
				F4DE0F8726FE608B00AF6246 /* Frameworks */,
				F4DE0F8826FE608B00AF6246 /* Resources */,
				D9D4B4500DEC42AF87C1B4F1 /* [CP] Embed Pods Frameworks */,
			);
			buildRules = (
			);
			dependencies = (
			);
			name = ANQESSAR;
			productName = ANQESSAR;
			productReference = F4DE0F8A26FE608B00AF6246 /* ANQESSAR.app */;
			productType = "com.apple.product-type.application";
		};
/* End PBXNativeTarget section */

/* Begin PBXProject section */
		F4DE0F8226FE608B00AF6246 /* Project object */ = {
			isa = PBXProject;
			attributes = {
				LastSwiftUpdateCheck = 1240;
				LastUpgradeCheck = 1240;
				TargetAttributes = {
					F4DE0F8926FE608B00AF6246 = {
						CreatedOnToolsVersion = 12.4;
					};
				};
			};
			buildConfigurationList = F4DE0F8526FE608B00AF6246 /* Build configuration list for PBXProject "ANQESSAR" */;
			compatibilityVersion = "Xcode 9.3";
			developmentRegion = en;
			hasScannedForEncodings = 0;
			knownRegions = (
				en,
				Base,
			);
			mainGroup = F4DE0F8126FE608A00AF6246;
			productRefGroup = F4DE0F8B26FE608B00AF6246 /* Products */;
			projectDirPath = "";
			projectRoot = "";
			targets = (
				F4DE0F8926FE608B00AF6246 /* ANQESSAR */,
			);
		};
/* End PBXProject section */

/* Begin PBXResourcesBuildPhase section */
		F4DE0F8826FE608B00AF6246 /* Resources */ = {
			isa = PBXResourcesBuildPhase;
			buildActionMask = 2147483647;
			files = (
				F4DE0FDB26FEC93500AF6246 /* MessageCell.xib in Resources */,
				F4DE0F9D26FE60AC00AF6246 /* LaunchScreen.storyboard in Resources */,
				F4DE0FBD26FE75C500AF6246 /* GoogleService-Info.plist in Resources */,
				F4DE0F9A26FE60AC00AF6246 /* Assets.xcassets in Resources */,
				F4DE0F9526FE608B00AF6246 /* Main.storyboard in Resources */,
			);
			runOnlyForDeploymentPostprocessing = 0;
		};
/* End PBXResourcesBuildPhase section */

/* Begin PBXShellScriptBuildPhase section */
		5E008E61ECF1E62CBC564489 /* [CP] Check Pods Manifest.lock */ = {
			isa = PBXShellScriptBuildPhase;
			buildActionMask = 2147483647;
			files = (
			);
			inputFileListPaths = (
			);
			inputPaths = (
				"${PODS_PODFILE_DIR_PATH}/Podfile.lock",
				"${PODS_ROOT}/Manifest.lock",
			);
			name = "[CP] Check Pods Manifest.lock";
			outputFileListPaths = (
			);
			outputPaths = (
				"$(DERIVED_FILE_DIR)/Pods-ANQESSAR-checkManifestLockResult.txt",
			);
			runOnlyForDeploymentPostprocessing = 0;
			shellPath = /bin/sh;
			shellScript = "diff \"${PODS_PODFILE_DIR_PATH}/Podfile.lock\" \"${PODS_ROOT}/Manifest.lock\" > /dev/null\nif [ $? != 0 ] ; then\n    # print error to STDERR\n    echo \"error: The sandbox is not in sync with the Podfile.lock. Run 'pod install' or update your CocoaPods installation.\" >&2\n    exit 1\nfi\n# This output is used by Xcode 'outputs' to avoid re-running this script phase.\necho \"SUCCESS\" > \"${SCRIPT_OUTPUT_FILE_0}\"\n";
			showEnvVarsInLog = 0;
		};
		D9D4B4500DEC42AF87C1B4F1 /* [CP] Embed Pods Frameworks */ = {
			isa = PBXShellScriptBuildPhase;
			buildActionMask = 2147483647;
			files = (
			);
			inputFileListPaths = (
				"${PODS_ROOT}/Target Support Files/Pods-ANQESSAR/Pods-ANQESSAR-frameworks-${CONFIGURATION}-input-files.xcfilelist",
			);
			name = "[CP] Embed Pods Frameworks";
			outputFileListPaths = (
				"${PODS_ROOT}/Target Support Files/Pods-ANQESSAR/Pods-ANQESSAR-frameworks-${CONFIGURATION}-output-files.xcfilelist",
			);
			runOnlyForDeploymentPostprocessing = 0;
			shellPath = /bin/sh;
			shellScript = "\"${PODS_ROOT}/Target Support Files/Pods-ANQESSAR/Pods-ANQESSAR-frameworks.sh\"\n";
			showEnvVarsInLog = 0;
		};
/* End PBXShellScriptBuildPhase section */

/* Begin PBXSourcesBuildPhase section */
		F4DE0F8626FE608B00AF6246 /* Sources */ = {
			isa = PBXSourcesBuildPhase;
			buildActionMask = 2147483647;
			files = (
				F4DE0FB026FE636200AF6246 /* LoginViewController.swift in Sources */,
				F4DE0FDA26FEC93500AF6246 /* MessageCell.swift in Sources */,
				F4DE0FB326FE637200AF6246 /* ChatViewController.swift in Sources */,
				F4DE0FA926FE634200AF6246 /* WelcomeViewController.swift in Sources */,
				F4DE0FD626FEC42900AF6246 /* Message.swift in Sources */,
				F4DE0F8E26FE608B00AF6246 /* AppDelegate.swift in Sources */,
				F4DE0FAD26FE635000AF6246 /* RegisterViewController.swift in Sources */,
				F4DE0F9026FE608B00AF6246 /* SceneDelegate.swift in Sources */,
				F4DE0F9826FE608C00AF6246 /* ANQESSAR.xcdatamodeld in Sources */,
				F4DE0FD326FEC24500AF6246 /* Constants.swift in Sources */,
			);
			runOnlyForDeploymentPostprocessing = 0;
		};
/* End PBXSourcesBuildPhase section */

/* Begin PBXVariantGroup section */
		F4DE0F9326FE608B00AF6246 /* Main.storyboard */ = {
			isa = PBXVariantGroup;
			children = (
				F4DE0F9426FE608B00AF6246 /* Base */,
			);
			name = Main.storyboard;
			sourceTree = "<group>";
		};
		F4DE0F9B26FE60AC00AF6246 /* LaunchScreen.storyboard */ = {
			isa = PBXVariantGroup;
			children = (
				F4DE0F9C26FE60AC00AF6246 /* Base */,
			);
			name = LaunchScreen.storyboard;
			sourceTree = "<group>";
		};
/* End PBXVariantGroup section */

/* Begin XCBuildConfiguration section */
		F4DE0F9F26FE60AC00AF6246 /* Debug */ = {
			isa = XCBuildConfiguration;
			buildSettings = {
				ALWAYS_SEARCH_USER_PATHS = NO;
				CLANG_ANALYZER_NONNULL = YES;
				CLANG_ANALYZER_NUMBER_OBJECT_CONVERSION = YES_AGGRESSIVE;
				CLANG_CXX_LANGUAGE_STANDARD = "gnu++14";
				CLANG_CXX_LIBRARY = "libc++";
				CLANG_ENABLE_MODULES = YES;
				CLANG_ENABLE_OBJC_ARC = YES;
				CLANG_ENABLE_OBJC_WEAK = YES;
				CLANG_WARN_BLOCK_CAPTURE_AUTORELEASING = YES;
				CLANG_WARN_BOOL_CONVERSION = YES;
				CLANG_WARN_COMMA = YES;
				CLANG_WARN_CONSTANT_CONVERSION = YES;
				CLANG_WARN_DEPRECATED_OBJC_IMPLEMENTATIONS = YES;
				CLANG_WARN_DIRECT_OBJC_ISA_USAGE = YES_ERROR;
				CLANG_WARN_DOCUMENTATION_COMMENTS = YES;
				CLANG_WARN_EMPTY_BODY = YES;
				CLANG_WARN_ENUM_CONVERSION = YES;
				CLANG_WARN_INFINITE_RECURSION = YES;
				CLANG_WARN_INT_CONVERSION = YES;
				CLANG_WARN_NON_LITERAL_NULL_CONVERSION = YES;
				CLANG_WARN_OBJC_IMPLICIT_RETAIN_SELF = YES;
				CLANG_WARN_OBJC_LITERAL_CONVERSION = YES;
				CLANG_WARN_OBJC_ROOT_CLASS = YES_ERROR;
				CLANG_WARN_QUOTED_INCLUDE_IN_FRAMEWORK_HEADER = YES;
				CLANG_WARN_RANGE_LOOP_ANALYSIS = YES;
				CLANG_WARN_STRICT_PROTOTYPES = YES;
				CLANG_WARN_SUSPICIOUS_MOVE = YES;
				CLANG_WARN_UNGUARDED_AVAILABILITY = YES_AGGRESSIVE;
				CLANG_WARN_UNREACHABLE_CODE = YES;
				CLANG_WARN__DUPLICATE_METHOD_MATCH = YES;
				COPY_PHASE_STRIP = NO;
				DEBUG_INFORMATION_FORMAT = dwarf;
				ENABLE_STRICT_OBJC_MSGSEND = YES;
				ENABLE_TESTABILITY = YES;
				GCC_C_LANGUAGE_STANDARD = gnu11;
				GCC_DYNAMIC_NO_PIC = NO;
				GCC_NO_COMMON_BLOCKS = YES;
				GCC_OPTIMIZATION_LEVEL = 0;
				GCC_PREPROCESSOR_DEFINITIONS = (
					"DEBUG=1",
					"$(inherited)",
				);
				GCC_WARN_64_TO_32_BIT_CONVERSION = YES;
				GCC_WARN_ABOUT_RETURN_TYPE = YES_ERROR;
				GCC_WARN_UNDECLARED_SELECTOR = YES;
				GCC_WARN_UNINITIALIZED_AUTOS = YES_AGGRESSIVE;
				GCC_WARN_UNUSED_FUNCTION = YES;
				GCC_WARN_UNUSED_VARIABLE = YES;
				IPHONEOS_DEPLOYMENT_TARGET = 14.4;
				MTL_ENABLE_DEBUG_INFO = INCLUDE_SOURCE;
				MTL_FAST_MATH = YES;
				ONLY_ACTIVE_ARCH = YES;
				SDKROOT = iphoneos;
				SWIFT_ACTIVE_COMPILATION_CONDITIONS = DEBUG;
				SWIFT_OPTIMIZATION_LEVEL = "-Onone";
			};
			name = Debug;
		};
		F4DE0FA026FE60AC00AF6246 /* Release */ = {
			isa = XCBuildConfiguration;
			buildSettings = {
				ALWAYS_SEARCH_USER_PATHS = NO;
				CLANG_ANALYZER_NONNULL = YES;
				CLANG_ANALYZER_NUMBER_OBJECT_CONVERSION = YES_AGGRESSIVE;
				CLANG_CXX_LANGUAGE_STANDARD = "gnu++14";
				CLANG_CXX_LIBRARY = "libc++";
				CLANG_ENABLE_MODULES = YES;
				CLANG_ENABLE_OBJC_ARC = YES;
				CLANG_ENABLE_OBJC_WEAK = YES;
				CLANG_WARN_BLOCK_CAPTURE_AUTORELEASING = YES;
				CLANG_WARN_BOOL_CONVERSION = YES;
				CLANG_WARN_COMMA = YES;
				CLANG_WARN_CONSTANT_CONVERSION = YES;
				CLANG_WARN_DEPRECATED_OBJC_IMPLEMENTATIONS = YES;
				CLANG_WARN_DIRECT_OBJC_ISA_USAGE = YES_ERROR;
				CLANG_WARN_DOCUMENTATION_COMMENTS = YES;
				CLANG_WARN_EMPTY_BODY = YES;
				CLANG_WARN_ENUM_CONVERSION = YES;
				CLANG_WARN_INFINITE_RECURSION = YES;
				CLANG_WARN_INT_CONVERSION = YES;
				CLANG_WARN_NON_LITERAL_NULL_CONVERSION = YES;
				CLANG_WARN_OBJC_IMPLICIT_RETAIN_SELF = YES;
				CLANG_WARN_OBJC_LITERAL_CONVERSION = YES;
				CLANG_WARN_OBJC_ROOT_CLASS = YES_ERROR;
				CLANG_WARN_QUOTED_INCLUDE_IN_FRAMEWORK_HEADER = YES;
				CLANG_WARN_RANGE_LOOP_ANALYSIS = YES;
				CLANG_WARN_STRICT_PROTOTYPES = YES;
				CLANG_WARN_SUSPICIOUS_MOVE = YES;
				CLANG_WARN_UNGUARDED_AVAILABILITY = YES_AGGRESSIVE;
				CLANG_WARN_UNREACHABLE_CODE = YES;
				CLANG_WARN__DUPLICATE_METHOD_MATCH = YES;
				COPY_PHASE_STRIP = NO;
				DEBUG_INFORMATION_FORMAT = "dwarf-with-dsym";
				ENABLE_NS_ASSERTIONS = NO;
				ENABLE_STRICT_OBJC_MSGSEND = YES;
				GCC_C_LANGUAGE_STANDARD = gnu11;
				GCC_NO_COMMON_BLOCKS = YES;
				GCC_WARN_64_TO_32_BIT_CONVERSION = YES;
				GCC_WARN_ABOUT_RETURN_TYPE = YES_ERROR;
				GCC_WARN_UNDECLARED_SELECTOR = YES;
				GCC_WARN_UNINITIALIZED_AUTOS = YES_AGGRESSIVE;
				GCC_WARN_UNUSED_FUNCTION = YES;
				GCC_WARN_UNUSED_VARIABLE = YES;
				IPHONEOS_DEPLOYMENT_TARGET = 14.4;
				MTL_ENABLE_DEBUG_INFO = NO;
				MTL_FAST_MATH = YES;
				SDKROOT = iphoneos;
				SWIFT_COMPILATION_MODE = wholemodule;
				SWIFT_OPTIMIZATION_LEVEL = "-O";
				VALIDATE_PRODUCT = YES;
			};
			name = Release;
		};
		F4DE0FA226FE60AC00AF6246 /* Debug */ = {
			isa = XCBuildConfiguration;
			baseConfigurationReference = 0F3479144E6EE0CC0D67FD22 /* Pods-ANQESSAR.debug.xcconfig */;
			buildSettings = {
				ASSETCATALOG_COMPILER_APPICON_NAME = AppIcon;
				ASSETCATALOG_COMPILER_GLOBAL_ACCENT_COLOR_NAME = AccentColor;
				CODE_SIGN_STYLE = Automatic;
				INFOPLIST_FILE = ANQESSAR/Info.plist;
				LD_RUNPATH_SEARCH_PATHS = (
					"$(inherited)",
					"@executable_path/Frameworks",
				);
				PRODUCT_BUNDLE_IDENTIFIER = KH.ANQESSAR;
				PRODUCT_NAME = "$(TARGET_NAME)";
				SWIFT_VERSION = 5.0;
				TARGETED_DEVICE_FAMILY = "1,2";
			};
			name = Debug;
		};
		F4DE0FA326FE60AC00AF6246 /* Release */ = {
			isa = XCBuildConfiguration;
			baseConfigurationReference = DFC81CED61ABF603EBD5950C /* Pods-ANQESSAR.release.xcconfig */;
			buildSettings = {
				ASSETCATALOG_COMPILER_APPICON_NAME = AppIcon;
				ASSETCATALOG_COMPILER_GLOBAL_ACCENT_COLOR_NAME = AccentColor;
				CODE_SIGN_STYLE = Automatic;
				INFOPLIST_FILE = ANQESSAR/Info.plist;
				LD_RUNPATH_SEARCH_PATHS = (
					"$(inherited)",
					"@executable_path/Frameworks",
				);
				PRODUCT_BUNDLE_IDENTIFIER = KH.ANQESSAR;
				PRODUCT_NAME = "$(TARGET_NAME)";
				SWIFT_VERSION = 5.0;
				TARGETED_DEVICE_FAMILY = "1,2";
			};
			name = Release;
		};
/* End XCBuildConfiguration section */

/* Begin XCConfigurationList section */
		F4DE0F8526FE608B00AF6246 /* Build configuration list for PBXProject "ANQESSAR" */ = {
			isa = XCConfigurationList;
			buildConfigurations = (
				F4DE0F9F26FE60AC00AF6246 /* Debug */,
				F4DE0FA026FE60AC00AF6246 /* Release */,
			);
			defaultConfigurationIsVisible = 0;
			defaultConfigurationName = Release;
		};
		F4DE0FA126FE60AC00AF6246 /* Build configuration list for PBXNativeTarget "ANQESSAR" */ = {
			isa = XCConfigurationList;
			buildConfigurations = (
				F4DE0FA226FE60AC00AF6246 /* Debug */,
				F4DE0FA326FE60AC00AF6246 /* Release */,
			);
			defaultConfigurationIsVisible = 0;
			defaultConfigurationName = Release;
		};
/* End XCConfigurationList section */

/* Begin XCVersionGroup section */
		F4DE0F9626FE608C00AF6246 /* ANQESSAR.xcdatamodeld */ = {
			isa = XCVersionGroup;
			children = (
				F4DE0F9726FE608C00AF6246 /* ANQESSAR.xcdatamodel */,
			);
			currentVersion = F4DE0F9726FE608C00AF6246 /* ANQESSAR.xcdatamodel */;
			path = ANQESSAR.xcdatamodeld;
			sourceTree = "<group>";
			versionGroupType = wrapper.xcdatamodel;
		};
/* End XCVersionGroup section */
	};
	rootObject = F4DE0F8226FE608B00AF6246 /* Project object */;
}
